
Microsoft Visual Studio Solution File, Format Version 12.00
# Visual Studio Version 16
VisualStudioVersion = 25.0.1706.4
MinimumVisualStudioVersion = 10.0.40219.1
Project("{FAE04EC0-301F-11D3-BF4B-00C04F79EFBC}") = "Algorithms", "Algorithms\Algorithms.csproj", "{B0BD983F-0050-47CF-A3C8-DDC1E8053A7B}"
EndProject
Project("{FAE04EC0-301F-11D3-BF4B-00C04F79EFBC}") = "Shuffler", "Shuffler\Shuffler.csproj", "{933CB976-82D2-4724-AE08-A193B542361E}"
EndProject
Project("{FAE04EC0-301F-11D3-BF4B-00C04F79EFBC}") = "MyShuffle", "MyShuffle\MyShuffle.csproj", "{42DE81F9-3CFF-459B-B9B1-581E0C32429D}"
EndProject
Global
	GlobalSection(SolutionConfigurationPlatforms) = preSolution
		Debug|Any CPU = Debug|Any CPU
		Release|Any CPU = Release|Any CPU
	EndGlobalSection
	GlobalSection(ProjectConfigurationPlatforms) = postSolution
		{B0BD983F-0050-47CF-A3C8-DDC1E8053A7B}.Debug|Any CPU.ActiveCfg = Debug|Any CPU
		{B0BD983F-0050-47CF-A3C8-DDC1E8053A7B}.Debug|Any CPU.Build.0 = Debug|Any CPU
		{B0BD983F-0050-47CF-A3C8-DDC1E8053A7B}.Release|Any CPU.ActiveCfg = Release|Any CPU
		{B0BD983F-0050-47CF-A3C8-DDC1E8053A7B}.Release|Any CPU.Build.0 = Release|Any CPU
		{933CB976-82D2-4724-AE08-A193B542361E}.Debug|Any CPU.ActiveCfg = Debug|Any CPU
		{933CB976-82D2-4724-AE08-A193B542361E}.Debug|Any CPU.Build.0 = Debug|Any CPU
		{933CB976-82D2-4724-AE08-A193B542361E}.Release|Any CPU.ActiveCfg = Release|Any CPU
		{933CB976-82D2-4724-AE08-A193B542361E}.Release|Any CPU.Build.0 = Release|Any CPU
		{42DE81F9-3CFF-459B-B9B1-581E0C32429D}.Debug|Any CPU.ActiveCfg = Debug|Any CPU
		{42DE81F9-3CFF-459B-B9B1-581E0C32429D}.Debug|Any CPU.Build.0 = Debug|Any CPU
		{42DE81F9-3CFF-459B-B9B1-581E0C32429D}.Release|Any CPU.ActiveCfg = Release|Any CPU
		{42DE81F9-3CFF-459B-B9B1-581E0C32429D}.Release|Any CPU.Build.0 = Release|Any CPU
	EndGlobalSection
	GlobalSection(SolutionProperties) = preSolution
		HideSolutionNode = FALSE
	EndGlobalSection
	GlobalSection(ExtensibilityGlobals) = postSolution
		SolutionGuid = {19E7A05E-3010-4227-A0EA-FA23353C2F36}
	EndGlobalSection
EndGlobal
